
Microsoft Visual Studio Solution File, Format Version 12.00
# Visual Studio Version 17
VisualStudioVersion = 17.3.32929.385
MinimumVisualStudioVersion = 10.0.40219.1
Project("{8BC9CEB8-8B4A-11D0-8D11-00A0C91BC942}") = "Tiny", "Tiny\Tiny.vcxproj", "{462C282F-8A75-48D7-969C-4AC7C3FD3DDA}"
EndProject
Project("{FAE04EC0-301F-11D3-BF4B-00C04F79EFBC}") = "TinyDotNet", "TinyDotNet\TinyDotNet.csproj", "{73B66591-E338-4EE1-A973-A3614F772188}"
	ProjectSection(ProjectDependencies) = postProject
		{462C282F-8A75-48D7-969C-4AC7C3FD3DDA} = {462C282F-8A75-48D7-969C-4AC7C3FD3DDA}
	EndProjectSection
EndProject
Global
	GlobalSection(SolutionConfigurationPlatforms) = preSolution
		Debug|x86 = Debug|x86
		Release|x86 = Release|x86
	EndGlobalSection
	GlobalSection(ProjectConfigurationPlatforms) = postSolution
		{462C282F-8A75-48D7-969C-4AC7C3FD3DDA}.Debug|x86.ActiveCfg = Debug|Win32
		{462C282F-8A75-48D7-969C-4AC7C3FD3DDA}.Debug|x86.Build.0 = Debug|Win32
		{462C282F-8A75-48D7-969C-4AC7C3FD3DDA}.Release|x86.ActiveCfg = Release|Win32
		{462C282F-8A75-48D7-969C-4AC7C3FD3DDA}.Release|x86.Build.0 = Release|Win32
		{73B66591-E338-4EE1-A973-A3614F772188}.Debug|x86.ActiveCfg = Debug|x86
		{73B66591-E338-4EE1-A973-A3614F772188}.Debug|x86.Build.0 = Debug|x86
		{73B66591-E338-4EE1-A973-A3614F772188}.Release|x86.ActiveCfg = Release|x86
		{73B66591-E338-4EE1-A973-A3614F772188}.Release|x86.Build.0 = Release|x86
	EndGlobalSection
	GlobalSection(SolutionProperties) = preSolution
		HideSolutionNode = FALSE
	EndGlobalSection
	GlobalSection(ExtensibilityGlobals) = postSolution
		SolutionGuid = {01E4F10C-46C6-4CDD-9B20-BFC3608C0391}
	EndGlobalSection
EndGlobal
